
Microsoft Visual Studio Solution File, Format Version 12.00
# Visual Studio Version 17
VisualStudioVersion = 17.0.31903.59
MinimumVisualStudioVersion = 10.0.40219.1
Project("{FAE04EC0-301F-11D3-BF4B-00C04F79EFBC}") = "eCommerce.Core", "eCommerce.Core\eCommerce.Core.csproj", "{A17BA5BA-9D77-49C0-9BC6-6CF2769892E9}"
EndProject
Project("{FAE04EC0-301F-11D3-BF4B-00C04F79EFBC}") = "eCommerce.Application", "eCommerce.Application\eCommerce.Application.csproj", "{26D02856-600C-4444-AD71-FF3880B1E723}"
EndProject
Project("{FAE04EC0-301F-11D3-BF4B-00C04F79EFBC}") = "eCommerce.Infrastructure", "eCommerce.Infrastructure\eCommerce.Infrastructure.csproj", "{E9C289B5-E841-4C9D-A620-F7A74442EEE7}"
EndProject
Project("{FAE04EC0-301F-11D3-BF4B-00C04F79EFBC}") = "eCommerce.Web", "eCommerce.Web\eCommerce.Web.csproj", "{9C593503-2C07-40E3-906D-6A4F152465AD}"
EndProject
Project("{FAE04EC0-301F-11D3-BF4B-00C04F79EFBC}") = "eCommerce.Web.Tests", "eCommerce.Web.Tests\eCommerce.Web.Tests.csproj", "{E9EC1E85-301F-487C-AFFC-280288DFACF5}"
EndProject
Global
	GlobalSection(SolutionConfigurationPlatforms) = preSolution
		Debug|Any CPU = Debug|Any CPU
		Release|Any CPU = Release|Any CPU
	EndGlobalSection
	GlobalSection(SolutionProperties) = preSolution
		HideSolutionNode = FALSE
	EndGlobalSection
	GlobalSection(ProjectConfigurationPlatforms) = postSolution
		{A17BA5BA-9D77-49C0-9BC6-6CF2769892E9}.Debug|Any CPU.ActiveCfg = Debug|Any CPU
		{A17BA5BA-9D77-49C0-9BC6-6CF2769892E9}.Debug|Any CPU.Build.0 = Debug|Any CPU
		{A17BA5BA-9D77-49C0-9BC6-6CF2769892E9}.Release|Any CPU.ActiveCfg = Release|Any CPU
		{A17BA5BA-9D77-49C0-9BC6-6CF2769892E9}.Release|Any CPU.Build.0 = Release|Any CPU
		{26D02856-600C-4444-AD71-FF3880B1E723}.Debug|Any CPU.ActiveCfg = Debug|Any CPU
		{26D02856-600C-4444-AD71-FF3880B1E723}.Debug|Any CPU.Build.0 = Debug|Any CPU
		{26D02856-600C-4444-AD71-FF3880B1E723}.Release|Any CPU.ActiveCfg = Release|Any CPU
		{26D02856-600C-4444-AD71-FF3880B1E723}.Release|Any CPU.Build.0 = Release|Any CPU
		{E9C289B5-E841-4C9D-A620-F7A74442EEE7}.Debug|Any CPU.ActiveCfg = Debug|Any CPU
		{E9C289B5-E841-4C9D-A620-F7A74442EEE7}.Debug|Any CPU.Build.0 = Debug|Any CPU
		{E9C289B5-E841-4C9D-A620-F7A74442EEE7}.Release|Any CPU.ActiveCfg = Release|Any CPU
		{E9C289B5-E841-4C9D-A620-F7A74442EEE7}.Release|Any CPU.Build.0 = Release|Any CPU
		{9C593503-2C07-40E3-906D-6A4F152465AD}.Debug|Any CPU.ActiveCfg = Debug|Any CPU
		{9C593503-2C07-40E3-906D-6A4F152465AD}.Debug|Any CPU.Build.0 = Debug|Any CPU
		{9C593503-2C07-40E3-906D-6A4F152465AD}.Release|Any CPU.ActiveCfg = Release|Any CPU
		{9C593503-2C07-40E3-906D-6A4F152465AD}.Release|Any CPU.Build.0 = Release|Any CPU
		{E9EC1E85-301F-487C-AFFC-280288DFACF5}.Debug|Any CPU.ActiveCfg = Debug|Any CPU
		{E9EC1E85-301F-487C-AFFC-280288DFACF5}.Debug|Any CPU.Build.0 = Debug|Any CPU
		{E9EC1E85-301F-487C-AFFC-280288DFACF5}.Release|Any CPU.ActiveCfg = Release|Any CPU
		{E9EC1E85-301F-487C-AFFC-280288DFACF5}.Release|Any CPU.Build.0 = Release|Any CPU
	EndGlobalSection
EndGlobal
